{
  "nodes": {
    "flake-parts": {
      "inputs": {
        "nixpkgs-lib": "nixpkgs-lib"
      },
      "locked": {
        "lastModified": 1685662779,
        "narHash": "sha256-cKDDciXGpMEjP1n6HlzKinN0H+oLmNpgeCTzYnsA2po=",
        "owner": "hercules-ci",
        "repo": "flake-parts",
        "rev": "71fb97f0d875fd4de4994dfb849f2c75e17eb6c3",
        "type": "github"
      },
      "original": {
        "owner": "hercules-ci",
        "repo": "flake-parts",
        "type": "github"
      }
    },
    "flake-parts_2": {
      "inputs": {
        "nixpkgs-lib": "nixpkgs-lib_2"
      },
      "locked": {
        "lastModified": 1701473968,
        "narHash": "sha256-YcVE5emp1qQ8ieHUnxt1wCZCC3ZfAS+SRRWZ2TMda7E=",
        "owner": "hercules-ci",
        "repo": "flake-parts",
        "rev": "34fed993f1674c8d06d58b37ce1e0fe5eebcb9f5",
        "type": "github"
      },
      "original": {
        "owner": "hercules-ci",
        "repo": "flake-parts",
        "type": "github"
      }
    },
    "home-manager": {
      "inputs": {
        "nixpkgs": [
          "nixpkgs"
        ]
      },
      "locked": {
        "lastModified": 1703674883,
        "narHash": "sha256-Jna6MOmLdfgot+AopHv28L+wpwVDfaiafLtO7E4bkj0=",
        "owner": "nix-community",
        "repo": "home-manager",
        "rev": "458544594ba7f0333cf5718045ee7a8eaf5de433",
        "type": "github"
      },
      "original": {
        "owner": "nix-community",
        "repo": "home-manager",
        "type": "github"
      }
    },
    "my-nvim": {
      "inputs": {
        "nixd": "nixd",
        "nixpkgs": [
          "nixpkgs"
        ],
        "rose-pine": "rose-pine"
      },
      "locked": {
        "lastModified": 1701126955,
        "narHash": "sha256-EoQE9sGFqlY+guQ6+bTMnc+xsYuQvOv8+tC4UINHIyE=",
        "owner": "m-roll",
        "repo": "nvim-config",
        "rev": "9db08553485f1eb13c12986cd8b03a8b99dcf9d6",
        "type": "github"
      },
      "original": {
        "owner": "m-roll",
        "repo": "nvim-config",
        "type": "github"
      }
    },
    "nix-gaming": {
      "inputs": {
        "flake-parts": "flake-parts_2",
        "nixpkgs": "nixpkgs_2"
      },
      "locked": {
        "lastModified": 1703726060,
        "narHash": "sha256-ONaGZ03u5MHJjx49cm3g5ZOLOEYulEiy1qb2IRVt2lM=",
        "owner": "fufexan",
        "repo": "nix-gaming",
        "rev": "b7be09d2f5cf6bb85f4decf3b5af0429a429dfbd",
        "type": "github"
      },
      "original": {
        "owner": "fufexan",
        "repo": "nix-gaming",
        "type": "github"
      }
    },
    "nixd": {
      "inputs": {
        "flake-parts": "flake-parts",
        "nixpkgs": "nixpkgs"
      },
      "locked": {
        "lastModified": 1699966122,
        "narHash": "sha256-zEN3ET7jfXpIKYeYh/z4xekOBOoaFS+n0q3oL3sVh+0=",
        "owner": "nix-community",
        "repo": "nixd",
        "rev": "b3bb9ea7cd3c2f07c89779a474d6468b2c11e303",
        "type": "github"
      },
      "original": {
        "owner": "nix-community",
        "repo": "nixd",
        "type": "github"
      }
    },
    "nixpkgs": {
      "locked": {
        "lastModified": 1686398752,
        "narHash": "sha256-nGWNQVhSw4VSL+S0D0cbrNR9vs9Bq7rlYR+1K5f5j6w=",
        "owner": "NixOS",
        "repo": "nixpkgs",
        "rev": "a30520bf8eabf8a5c37889d661e67a2dbcaa59e6",
        "type": "github"
      },
      "original": {
        "owner": "NixOS",
        "ref": "nixpkgs-unstable",
        "repo": "nixpkgs",
        "type": "github"
      }
    },
    "nixpkgs-lib": {
      "locked": {
        "dir": "lib",
        "lastModified": 1685564631,
        "narHash": "sha256-8ywr3AkblY4++3lIVxmrWZFzac7+f32ZEhH/A8pNscI=",
        "owner": "NixOS",
        "repo": "nixpkgs",
        "rev": "4f53efe34b3a8877ac923b9350c874e3dcd5dc0a",
        "type": "github"
      },
      "original": {
        "dir": "lib",
        "owner": "NixOS",
        "ref": "nixos-unstable",
        "repo": "nixpkgs",
        "type": "github"
      }
    },
    "nixpkgs-lib_2": {
      "locked": {
        "dir": "lib",
        "lastModified": 1701253981,
        "narHash": "sha256-ztaDIyZ7HrTAfEEUt9AtTDNoCYxUdSd6NrRHaYOIxtk=",
        "owner": "NixOS",
        "repo": "nixpkgs",
        "rev": "e92039b55bcd58469325ded85d4f58dd5a4eaf58",
        "type": "github"
      },
      "original": {
        "dir": "lib",
        "owner": "NixOS",
        "ref": "nixos-unstable",
        "repo": "nixpkgs",
        "type": "github"
      }
    },
    "nixpkgs_2": {
      "locked": {
        "lastModified": 1703134684,
        "narHash": "sha256-SQmng1EnBFLzS7WSRyPM9HgmZP2kLJcPAz+Ug/nug6o=",
        "owner": "NixOS",
        "repo": "nixpkgs",
        "rev": "d6863cbcbbb80e71cecfc03356db1cda38919523",
        "type": "github"
      },
      "original": {
        "owner": "NixOS",
        "ref": "nixpkgs-unstable",
        "repo": "nixpkgs",
        "type": "github"
      }
    },
    "nixpkgs_3": {
      "locked": {
        "lastModified": 1703499205,
        "narHash": "sha256-lF9rK5mSUfIZJgZxC3ge40tp1gmyyOXZ+lRY3P8bfbg=",
        "owner": "nixos",
        "repo": "nixpkgs",
        "rev": "e1fa12d4f6c6fe19ccb59cac54b5b3f25e160870",
        "type": "github"
      },
      "original": {
        "owner": "nixos",
        "ref": "nixpkgs-unstable",
        "repo": "nixpkgs",
        "type": "github"
      }
    },
    "root": {
      "inputs": {
        "home-manager": "home-manager",
        "my-nvim": "my-nvim",
        "nix-gaming": "nix-gaming",
        "nixpkgs": "nixpkgs_3"
      }
    },
    "rose-pine": {
      "flake": false,
      "locked": {
        "lastModified": 1698263014,
        "narHash": "sha256-AuhVM1Hr/iTNHk8+wLc+7EGAzrd9ml2akR/9JOeWxew=",
        "owner": "rose-pine",
        "repo": "neovim",
        "rev": "92762f4fa2144c05db760ea254f4c399a56a7ef5",
        "type": "github"
      },
      "original": {
        "owner": "rose-pine",
        "repo": "neovim",
        "type": "github"
      }
    }
  },
  "root": "root",
  "version": 7
}
