{
  "nodes": {
    "home-manager": {
      "inputs": {
        "nixpkgs": [
          "nixpkgs"
        ]
      },
      "locked": {
        "lastModified": 1701071203,
        "narHash": "sha256-lQywA7QU/vzTdZ1apI0PfgCWNyQobXUYghVrR5zuIeM=",
        "owner": "nix-community",
        "repo": "home-manager",
        "rev": "db1878f013b52ba5e4034db7c1b63e8d04173a86",
        "type": "github"
      },
      "original": {
        "owner": "nix-community",
        "repo": "home-manager",
        "type": "github"
      }
    },
    "my-nvim": {
      "inputs": {
        "nixpkgs": [
          "nixpkgs"
        ],
        "rose-pine": "rose-pine"
      },
      "locked": {
        "lastModified": 1701122331,
        "narHash": "sha256-/kzcpPMf3G1w29+pHyo09O0h4u63YVQ60CPGzYty7gU=",
        "owner": "m-roll",
        "repo": "nvim-config",
        "rev": "7050450c23e5d648ff3eb43ad3be21915e43200e",
        "type": "github"
      },
      "original": {
        "owner": "m-roll",
        "repo": "nvim-config",
        "type": "github"
      }
    },
    "nixpkgs": {
      "locked": {
        "lastModified": 1701040486,
        "narHash": "sha256-vawYwoHA5CwvjfqaT3A5CT9V36Eq43gxdwpux32Qkjw=",
        "owner": "nixos",
        "repo": "nixpkgs",
        "rev": "45827faa2132b8eade424f6bdd48d8828754341a",
        "type": "github"
      },
      "original": {
        "owner": "nixos",
        "ref": "nixpkgs-unstable",
        "repo": "nixpkgs",
        "type": "github"
      }
    },
    "root": {
      "inputs": {
        "home-manager": "home-manager",
        "my-nvim": "my-nvim",
        "nixpkgs": "nixpkgs"
      }
    },
    "rose-pine": {
      "flake": false,
      "locked": {
        "lastModified": 1698263014,
        "narHash": "sha256-AuhVM1Hr/iTNHk8+wLc+7EGAzrd9ml2akR/9JOeWxew=",
        "owner": "rose-pine",
        "repo": "neovim",
        "rev": "92762f4fa2144c05db760ea254f4c399a56a7ef5",
        "type": "github"
      },
      "original": {
        "owner": "rose-pine",
        "repo": "neovim",
        "type": "github"
      }
    }
  },
  "root": "root",
  "version": 7
}
